
Microsoft Visual Studio Solution File, Format Version 12.00
# Visual Studio Version 17
VisualStudioVersion = 17.0.32126.317
MinimumVisualStudioVersion = 10.0.40219.1
Project("{FAE04EC0-301F-11D3-BF4B-00C04F79EFBC}") = "test1233321", "test1233321\test1233321.csproj", "{E03E0D68-3C95-42C1-82E4-5DBFB0D03DC4}"
EndProject
Global
	GlobalSection(SolutionConfigurationPlatforms) = preSolution
		Debug|Any CPU = Debug|Any CPU
		Release|Any CPU = Release|Any CPU
	EndGlobalSection
	GlobalSection(ProjectConfigurationPlatforms) = postSolution
		{E03E0D68-3C95-42C1-82E4-5DBFB0D03DC4}.Debug|Any CPU.ActiveCfg = Debug|Any CPU
		{E03E0D68-3C95-42C1-82E4-5DBFB0D03DC4}.Debug|Any CPU.Build.0 = Debug|Any CPU
		{E03E0D68-3C95-42C1-82E4-5DBFB0D03DC4}.Release|Any CPU.ActiveCfg = Release|Any CPU
		{E03E0D68-3C95-42C1-82E4-5DBFB0D03DC4}.Release|Any CPU.Build.0 = Release|Any CPU
	EndGlobalSection
	GlobalSection(SolutionProperties) = preSolution
		HideSolutionNode = FALSE
	EndGlobalSection
	GlobalSection(ExtensibilityGlobals) = postSolution
		SolutionGuid = {45560580-D6A5-45C1-B87B-DA1C65DB5ED8}
	EndGlobalSection
EndGlobal
